
Microsoft Visual Studio Solution File, Format Version 12.00
# Visual Studio Version 16
VisualStudioVersion = 16.0.30907.101
MinimumVisualStudioVersion = 15.0.26124.0
Project("{FAE04EC0-301F-11D3-BF4B-00C04F79EFBC}") = "ArrayConfigurationInheritance", "ArrayConfigurationInheritance\ArrayConfigurationInheritance.csproj", "{4C2E99AB-3778-40AC-9A3D-5D25545DF925}"
EndProject
Global
	GlobalSection(SolutionConfigurationPlatforms) = preSolution
		Debug|Any CPU = Debug|Any CPU
		Debug|x64 = Debug|x64
		Debug|x86 = Debug|x86
		Release|Any CPU = Release|Any CPU
		Release|x64 = Release|x64
		Release|x86 = Release|x86
	EndGlobalSection
	GlobalSection(ProjectConfigurationPlatforms) = postSolution
		{4C2E99AB-3778-40AC-9A3D-5D25545DF925}.Debug|Any CPU.ActiveCfg = Debug|Any CPU
		{4C2E99AB-3778-40AC-9A3D-5D25545DF925}.Debug|Any CPU.Build.0 = Debug|Any CPU
		{4C2E99AB-3778-40AC-9A3D-5D25545DF925}.Debug|x64.ActiveCfg = Debug|Any CPU
		{4C2E99AB-3778-40AC-9A3D-5D25545DF925}.Debug|x64.Build.0 = Debug|Any CPU
		{4C2E99AB-3778-40AC-9A3D-5D25545DF925}.Debug|x86.ActiveCfg = Debug|Any CPU
		{4C2E99AB-3778-40AC-9A3D-5D25545DF925}.Debug|x86.Build.0 = Debug|Any CPU
		{4C2E99AB-3778-40AC-9A3D-5D25545DF925}.Release|Any CPU.ActiveCfg = Release|Any CPU
		{4C2E99AB-3778-40AC-9A3D-5D25545DF925}.Release|Any CPU.Build.0 = Release|Any CPU
		{4C2E99AB-3778-40AC-9A3D-5D25545DF925}.Release|x64.ActiveCfg = Release|Any CPU
		{4C2E99AB-3778-40AC-9A3D-5D25545DF925}.Release|x64.Build.0 = Release|Any CPU
		{4C2E99AB-3778-40AC-9A3D-5D25545DF925}.Release|x86.ActiveCfg = Release|Any CPU
		{4C2E99AB-3778-40AC-9A3D-5D25545DF925}.Release|x86.Build.0 = Release|Any CPU
	EndGlobalSection
	GlobalSection(SolutionProperties) = preSolution
		HideSolutionNode = FALSE
	EndGlobalSection
	GlobalSection(ExtensibilityGlobals) = postSolution
		SolutionGuid = {32A78C6B-F57E-4A0D-A0DC-93F2117C2035}
	EndGlobalSection
EndGlobal
